
Microsoft Visual Studio Solution File, Format Version 12.00
# Visual Studio Version 16
VisualStudioVersion = 16.0.28922.388
MinimumVisualStudioVersion = 10.0.40219.1
Project("{FAE04EC0-301F-11D3-BF4B-00C04F79EFBC}") = "QuickBuy.Dominio", "QuickBuy.Dominio\QuickBuy.Dominio.csproj", "{B8E08029-AFC9-41AE-B081-F9CCCD699304}"
EndProject
Project("{FAE04EC0-301F-11D3-BF4B-00C04F79EFBC}") = "QuickBuy.Repositorio", "QuickBuy.Repositorio\QuickBuy.Repositorio.csproj", "{A16AD22D-A825-4E40-AC37-31F4D91A2069}"
EndProject
Project("{FAE04EC0-301F-11D3-BF4B-00C04F79EFBC}") = "QuickBuy.Web", "QuickBuy.Web\QuickBuy.Web.csproj", "{F601D484-2E01-40D5-A7D8-1FD36B1CBA0C}"
EndProject
Global
	GlobalSection(SolutionConfigurationPlatforms) = preSolution
		Debug|Any CPU = Debug|Any CPU
		Release|Any CPU = Release|Any CPU
	EndGlobalSection
	GlobalSection(ProjectConfigurationPlatforms) = postSolution
		{B8E08029-AFC9-41AE-B081-F9CCCD699304}.Debug|Any CPU.ActiveCfg = Debug|Any CPU
		{B8E08029-AFC9-41AE-B081-F9CCCD699304}.Debug|Any CPU.Build.0 = Debug|Any CPU
		{B8E08029-AFC9-41AE-B081-F9CCCD699304}.Release|Any CPU.ActiveCfg = Release|Any CPU
		{B8E08029-AFC9-41AE-B081-F9CCCD699304}.Release|Any CPU.Build.0 = Release|Any CPU
		{A16AD22D-A825-4E40-AC37-31F4D91A2069}.Debug|Any CPU.ActiveCfg = Debug|Any CPU
		{A16AD22D-A825-4E40-AC37-31F4D91A2069}.Debug|Any CPU.Build.0 = Debug|Any CPU
		{A16AD22D-A825-4E40-AC37-31F4D91A2069}.Release|Any CPU.ActiveCfg = Release|Any CPU
		{A16AD22D-A825-4E40-AC37-31F4D91A2069}.Release|Any CPU.Build.0 = Release|Any CPU
		{F601D484-2E01-40D5-A7D8-1FD36B1CBA0C}.Debug|Any CPU.ActiveCfg = Debug|Any CPU
		{F601D484-2E01-40D5-A7D8-1FD36B1CBA0C}.Debug|Any CPU.Build.0 = Debug|Any CPU
		{F601D484-2E01-40D5-A7D8-1FD36B1CBA0C}.Release|Any CPU.ActiveCfg = Release|Any CPU
		{F601D484-2E01-40D5-A7D8-1FD36B1CBA0C}.Release|Any CPU.Build.0 = Release|Any CPU
	EndGlobalSection
	GlobalSection(SolutionProperties) = preSolution
		HideSolutionNode = FALSE
	EndGlobalSection
	GlobalSection(ExtensibilityGlobals) = postSolution
		SolutionGuid = {EA579162-D1BA-40E2-B128-01748FB4F731}
	EndGlobalSection
EndGlobal
